
Microsoft Visual Studio Solution File, Format Version 12.00
# Visual Studio Version 16
VisualStudioVersion = 16.0.34729.46
MinimumVisualStudioVersion = 10.0.40219.1
Project("{2150E333-8FDC-42A3-9474-1A3956D46DE8}") = "Task0", "Task0", "{AEFB4207-A2A8-4C09-A6C6-11FB349FFF43}"
EndProject
Project("{FAE04EC0-301F-11D3-BF4B-00C04F79EFBC}") = "Tyuiu.NedospasovaAE.Sprint1.Task0.V25", "Tyuiu.NedospasovaAE.Sprint1.Task0.V25\Tyuiu.NedospasovaAE.Sprint1.Task0.V25.csproj", "{6C6BD97C-79EA-45AA-AEAC-3D9B31C30C10}"
EndProject
Project("{FAE04EC0-301F-11D3-BF4B-00C04F79EFBC}") = "Tyuiu.NedospasovaAE.Sprint1.Task0.V25.Test", "Tyuiu.NedospasovaAE.Sprint1.Task0.V25.Test\Tyuiu.NedospasovaAE.Sprint1.Task0.V25.Test.csproj", "{0210C19E-142F-47F3-BD59-372A83775BAC}"
EndProject
Project("{FAE04EC0-301F-11D3-BF4B-00C04F79EFBC}") = "Tyuiu.NedospasovaAE.Sprint1.Task0.V25.Lib", "Tyuiu.NedospasovaAE.Sprint1.Task0.V25.Lib\Tyuiu.NedospasovaAE.Sprint1.Task0.V25.Lib.csproj", "{E7177984-036A-435F-9EA4-9DAA2DC475DF}"
EndProject
Project("{2150E333-8FDC-42A3-9474-1A3956D46DE8}") = "Task1", "Task1", "{331A5400-2282-425F-9234-C1AC361946E4}"
EndProject
Project("{FAE04EC0-301F-11D3-BF4B-00C04F79EFBC}") = "Tyuiu.NedospasovaAE.Sprint1.Task1.V17.Lib", "Tyuiu.NedospasovaAE.Sprint1.Task1.V17.Lib\Tyuiu.NedospasovaAE.Sprint1.Task1.V17.Lib.csproj", "{530F7A2F-B23F-4EE7-B1EA-0202D976C6F8}"
EndProject
Project("{FAE04EC0-301F-11D3-BF4B-00C04F79EFBC}") = "Tyuiu.NedospasovaAE.Sprint1.Task1.V17.Test", "Tyuiu.NedospasovaAE.Sprint1.Task1.V17.Test\Tyuiu.NedospasovaAE.Sprint1.Task1.V17.Test.csproj", "{52C84F03-B4B9-4755-AE0C-CABB12C773DE}"
EndProject
Project("{FAE04EC0-301F-11D3-BF4B-00C04F79EFBC}") = "Tyuiu.NedospasovaAE.Sprint1.Task1.V17", "Tyuiu.NedospasovaAE.Sprint1.Task1.V17\Tyuiu.NedospasovaAE.Sprint1.Task1.V17.csproj", "{B67C82A9-2134-4C39-B1DF-C969385EAEF6}"
EndProject
Project("{2150E333-8FDC-42A3-9474-1A3956D46DE8}") = "Task2", "Task2", "{07211A90-A82B-4257-B2F4-8D12CA287886}"
EndProject
Project("{FAE04EC0-301F-11D3-BF4B-00C04F79EFBC}") = "Tyuiu.NedospasovaAE.Sprint1.Task2.V3", "Tyuiu.NedospasovaAE.Sprint1.Task2.V3\Tyuiu.NedospasovaAE.Sprint1.Task2.V3.csproj", "{455DE500-C360-4E5F-A2D4-15948D861B73}"
EndProject
Project("{FAE04EC0-301F-11D3-BF4B-00C04F79EFBC}") = "Tyuiu.NedospasovaAE.Sprint1.Task2.V3.Test", "Tyuiu.NedospasovaAE.Sprint1.Task2.V3.Test\Tyuiu.NedospasovaAE.Sprint1.Task2.V3.Test.csproj", "{DC05B07D-E9AE-4E13-B0CD-BCF5ED9E01EF}"
EndProject
Project("{FAE04EC0-301F-11D3-BF4B-00C04F79EFBC}") = "Tyuiu.NedospasovaAE.Sprint1.Task2.V3.Lib", "Tyuiu.NedospasovaAE.Sprint1.Task2.V3.Lib\Tyuiu.NedospasovaAE.Sprint1.Task2.V3.Lib.csproj", "{1ACEAAC9-A16C-48C6-AAE9-A4B2221D6AB5}"
EndProject
Project("{2150E333-8FDC-42A3-9474-1A3956D46DE8}") = "Task3", "Task3", "{413F4420-252C-43BD-9B61-ED2E869286F3}"
EndProject
Project("{FAE04EC0-301F-11D3-BF4B-00C04F79EFBC}") = "Tyuiu.NedospasovaAE.Sprint1.Task3.V16.Lib", "Tyuiu.NedospasovaAE.Sprint1.Task3.V16.Lib\Tyuiu.NedospasovaAE.Sprint1.Task3.V16.Lib.csproj", "{C50D75A9-E056-4405-98B9-191966E14964}"
EndProject
Project("{FAE04EC0-301F-11D3-BF4B-00C04F79EFBC}") = "Tyuiu.NedospasovaAE.Sprint1.Task3.V16.Test", "Tyuiu.NedospasovaAE.Sprint1.Task3.V16.Test\Tyuiu.NedospasovaAE.Sprint1.Task3.V16.Test.csproj", "{736B1246-478D-440A-BA58-D185CDFF2026}"
EndProject
Project("{FAE04EC0-301F-11D3-BF4B-00C04F79EFBC}") = "Tyuiu.NedospasovaAE.Sprint1.Task3.V16", "Tyuiu.NedospasovaAE.Sprint1.Task3.V16\Tyuiu.NedospasovaAE.Sprint1.Task3.V16.csproj", "{1FD31DFA-A978-49F6-8EDA-584C9B01B515}"
EndProject
Project("{2150E333-8FDC-42A3-9474-1A3956D46DE8}") = "Task4", "Task4", "{772967D9-3CDB-4A1F-A45B-70BB515B3D37}"
EndProject
Project("{FAE04EC0-301F-11D3-BF4B-00C04F79EFBC}") = "Tyuiu.NedospasovaAE.Sprint1.Task4.V6", "Tyuiu.NedospasovaAE.Sprint1.Task4.V6\Tyuiu.NedospasovaAE.Sprint1.Task4.V6.csproj", "{9B7CAE49-FC00-4A88-8CEB-A3C27FFE19E4}"
EndProject
Project("{FAE04EC0-301F-11D3-BF4B-00C04F79EFBC}") = "Tyuiu.NedospasovaAE.Sprint1.Task4.V6.Test", "Tyuiu.NedospasovaAE.Sprint1.Task4.V6.Test\Tyuiu.NedospasovaAE.Sprint1.Task4.V6.Test.csproj", "{7F9991E3-5531-4A8E-97E6-077D0BAE4822}"
EndProject
Project("{FAE04EC0-301F-11D3-BF4B-00C04F79EFBC}") = "Tyuiu.NedospasovaAE.Sprint1.Task4.V6.Lib", "Tyuiu.NedospasovaAE.Sprint1.Task4.V6.Lib\Tyuiu.NedospasovaAE.Sprint1.Task4.V6.Lib.csproj", "{F6722751-2B65-4C38-BF09-FBCDD68FA719}"
EndProject
Project("{2150E333-8FDC-42A3-9474-1A3956D46DE8}") = "Task5", "Task5", "{7BDB27A7-DC08-4ED0-968A-1B7619904107}"
EndProject
Project("{FAE04EC0-301F-11D3-BF4B-00C04F79EFBC}") = "Tyuiu.NedospasovaAE.Sprint1.Task5.V7.Lib", "Tyuiu.NedospasovaAE.Sprint1.Task5.V7.Lib\Tyuiu.NedospasovaAE.Sprint1.Task5.V7.Lib.csproj", "{3517CE5A-E34E-448E-A5A8-24090912C276}"
EndProject
Project("{FAE04EC0-301F-11D3-BF4B-00C04F79EFBC}") = "Tyuiu.NedospasovaAE.Sprint1.Task5.V7.Test", "Tyuiu.NedospasovaAE.Sprint1.Task5.V7.Test\Tyuiu.NedospasovaAE.Sprint1.Task5.V7.Test.csproj", "{E9C0A512-4D66-4B64-812A-A0F3CD4333BC}"
EndProject
Project("{FAE04EC0-301F-11D3-BF4B-00C04F79EFBC}") = "Tyuiu.NedospasovaAE.Sprint1.Task5.V7", "Tyuiu.NedospasovaAE.Sprint1.Task5.V7\Tyuiu.NedospasovaAE.Sprint1.Task5.V7.csproj", "{76D012AF-DAB9-4A4C-9962-106F877E4EEA}"
EndProject
Project("{2150E333-8FDC-42A3-9474-1A3956D46DE8}") = "Task6", "Task6", "{0AF7BAD6-4982-426D-B428-1FC7A6D64A0A}"
EndProject
Project("{FAE04EC0-301F-11D3-BF4B-00C04F79EFBC}") = "Tyuiu.NedospasovaAE.Sprint1.Task6.V3", "Tyuiu.NedospasovaAE.Sprint1.Task6.V3\Tyuiu.NedospasovaAE.Sprint1.Task6.V3.csproj", "{6C0255EF-18A6-4026-948C-0DC129214CE6}"
EndProject
Project("{FAE04EC0-301F-11D3-BF4B-00C04F79EFBC}") = "Tyuiu.NedospasovaAE.Sprint1.Task6.V3.Test", "Tyuiu.NedospasovaAE.Sprint1.Task6.V3.Test\Tyuiu.NedospasovaAE.Sprint1.Task6.V3.Test.csproj", "{33EB82A3-42E4-4844-918C-374B10A80E6A}"
EndProject
Project("{FAE04EC0-301F-11D3-BF4B-00C04F79EFBC}") = "Tyuiu.NedospasovaAE.Sprint1.Task6.V3.Lib", "Tyuiu.NedospasovaAE.Sprint1.Task6.V3.Lib\Tyuiu.NedospasovaAE.Sprint1.Task6.V3.Lib.csproj", "{C1F78D7E-D947-41DE-87FB-0ABE62614262}"
EndProject
Global
	GlobalSection(SolutionConfigurationPlatforms) = preSolution
		Debug|Any CPU = Debug|Any CPU
		Release|Any CPU = Release|Any CPU
	EndGlobalSection
	GlobalSection(ProjectConfigurationPlatforms) = postSolution
		{6C6BD97C-79EA-45AA-AEAC-3D9B31C30C10}.Debug|Any CPU.ActiveCfg = Debug|Any CPU
		{6C6BD97C-79EA-45AA-AEAC-3D9B31C30C10}.Debug|Any CPU.Build.0 = Debug|Any CPU
		{6C6BD97C-79EA-45AA-AEAC-3D9B31C30C10}.Release|Any CPU.ActiveCfg = Release|Any CPU
		{6C6BD97C-79EA-45AA-AEAC-3D9B31C30C10}.Release|Any CPU.Build.0 = Release|Any CPU
		{0210C19E-142F-47F3-BD59-372A83775BAC}.Debug|Any CPU.ActiveCfg = Debug|Any CPU
		{0210C19E-142F-47F3-BD59-372A83775BAC}.Debug|Any CPU.Build.0 = Debug|Any CPU
		{0210C19E-142F-47F3-BD59-372A83775BAC}.Release|Any CPU.ActiveCfg = Release|Any CPU
		{0210C19E-142F-47F3-BD59-372A83775BAC}.Release|Any CPU.Build.0 = Release|Any CPU
		{E7177984-036A-435F-9EA4-9DAA2DC475DF}.Debug|Any CPU.ActiveCfg = Debug|Any CPU
		{E7177984-036A-435F-9EA4-9DAA2DC475DF}.Debug|Any CPU.Build.0 = Debug|Any CPU
		{E7177984-036A-435F-9EA4-9DAA2DC475DF}.Release|Any CPU.ActiveCfg = Release|Any CPU
		{E7177984-036A-435F-9EA4-9DAA2DC475DF}.Release|Any CPU.Build.0 = Release|Any CPU
		{530F7A2F-B23F-4EE7-B1EA-0202D976C6F8}.Debug|Any CPU.ActiveCfg = Debug|Any CPU
		{530F7A2F-B23F-4EE7-B1EA-0202D976C6F8}.Debug|Any CPU.Build.0 = Debug|Any CPU
		{530F7A2F-B23F-4EE7-B1EA-0202D976C6F8}.Release|Any CPU.ActiveCfg = Release|Any CPU
		{530F7A2F-B23F-4EE7-B1EA-0202D976C6F8}.Release|Any CPU.Build.0 = Release|Any CPU
		{52C84F03-B4B9-4755-AE0C-CABB12C773DE}.Debug|Any CPU.ActiveCfg = Debug|Any CPU
		{52C84F03-B4B9-4755-AE0C-CABB12C773DE}.Debug|Any CPU.Build.0 = Debug|Any CPU
		{52C84F03-B4B9-4755-AE0C-CABB12C773DE}.Release|Any CPU.ActiveCfg = Release|Any CPU
		{52C84F03-B4B9-4755-AE0C-CABB12C773DE}.Release|Any CPU.Build.0 = Release|Any CPU
		{B67C82A9-2134-4C39-B1DF-C969385EAEF6}.Debug|Any CPU.ActiveCfg = Debug|Any CPU
		{B67C82A9-2134-4C39-B1DF-C969385EAEF6}.Debug|Any CPU.Build.0 = Debug|Any CPU
		{B67C82A9-2134-4C39-B1DF-C969385EAEF6}.Release|Any CPU.ActiveCfg = Release|Any CPU
		{B67C82A9-2134-4C39-B1DF-C969385EAEF6}.Release|Any CPU.Build.0 = Release|Any CPU
		{455DE500-C360-4E5F-A2D4-15948D861B73}.Debug|Any CPU.ActiveCfg = Debug|Any CPU
		{455DE500-C360-4E5F-A2D4-15948D861B73}.Debug|Any CPU.Build.0 = Debug|Any CPU
		{455DE500-C360-4E5F-A2D4-15948D861B73}.Release|Any CPU.ActiveCfg = Release|Any CPU
		{455DE500-C360-4E5F-A2D4-15948D861B73}.Release|Any CPU.Build.0 = Release|Any CPU
		{DC05B07D-E9AE-4E13-B0CD-BCF5ED9E01EF}.Debug|Any CPU.ActiveCfg = Debug|Any CPU
		{DC05B07D-E9AE-4E13-B0CD-BCF5ED9E01EF}.Debug|Any CPU.Build.0 = Debug|Any CPU
		{DC05B07D-E9AE-4E13-B0CD-BCF5ED9E01EF}.Release|Any CPU.ActiveCfg = Release|Any CPU
		{DC05B07D-E9AE-4E13-B0CD-BCF5ED9E01EF}.Release|Any CPU.Build.0 = Release|Any CPU
		{1ACEAAC9-A16C-48C6-AAE9-A4B2221D6AB5}.Debug|Any CPU.ActiveCfg = Debug|Any CPU
		{1ACEAAC9-A16C-48C6-AAE9-A4B2221D6AB5}.Debug|Any CPU.Build.0 = Debug|Any CPU
		{1ACEAAC9-A16C-48C6-AAE9-A4B2221D6AB5}.Release|Any CPU.ActiveCfg = Release|Any CPU
		{1ACEAAC9-A16C-48C6-AAE9-A4B2221D6AB5}.Release|Any CPU.Build.0 = Release|Any CPU
		{C50D75A9-E056-4405-98B9-191966E14964}.Debug|Any CPU.ActiveCfg = Debug|Any CPU
		{C50D75A9-E056-4405-98B9-191966E14964}.Debug|Any CPU.Build.0 = Debug|Any CPU
		{C50D75A9-E056-4405-98B9-191966E14964}.Release|Any CPU.ActiveCfg = Release|Any CPU
		{C50D75A9-E056-4405-98B9-191966E14964}.Release|Any CPU.Build.0 = Release|Any CPU
		{736B1246-478D-440A-BA58-D185CDFF2026}.Debug|Any CPU.ActiveCfg = Debug|Any CPU
		{736B1246-478D-440A-BA58-D185CDFF2026}.Debug|Any CPU.Build.0 = Debug|Any CPU
		{736B1246-478D-440A-BA58-D185CDFF2026}.Release|Any CPU.ActiveCfg = Release|Any CPU
		{736B1246-478D-440A-BA58-D185CDFF2026}.Release|Any CPU.Build.0 = Release|Any CPU
		{1FD31DFA-A978-49F6-8EDA-584C9B01B515}.Debug|Any CPU.ActiveCfg = Debug|Any CPU
		{1FD31DFA-A978-49F6-8EDA-584C9B01B515}.Debug|Any CPU.Build.0 = Debug|Any CPU
		{1FD31DFA-A978-49F6-8EDA-584C9B01B515}.Release|Any CPU.ActiveCfg = Release|Any CPU
		{1FD31DFA-A978-49F6-8EDA-584C9B01B515}.Release|Any CPU.Build.0 = Release|Any CPU
		{9B7CAE49-FC00-4A88-8CEB-A3C27FFE19E4}.Debug|Any CPU.ActiveCfg = Debug|Any CPU
		{9B7CAE49-FC00-4A88-8CEB-A3C27FFE19E4}.Debug|Any CPU.Build.0 = Debug|Any CPU
		{9B7CAE49-FC00-4A88-8CEB-A3C27FFE19E4}.Release|Any CPU.ActiveCfg = Release|Any CPU
		{9B7CAE49-FC00-4A88-8CEB-A3C27FFE19E4}.Release|Any CPU.Build.0 = Release|Any CPU
		{7F9991E3-5531-4A8E-97E6-077D0BAE4822}.Debug|Any CPU.ActiveCfg = Debug|Any CPU
		{7F9991E3-5531-4A8E-97E6-077D0BAE4822}.Debug|Any CPU.Build.0 = Debug|Any CPU
		{7F9991E3-5531-4A8E-97E6-077D0BAE4822}.Release|Any CPU.ActiveCfg = Release|Any CPU
		{7F9991E3-5531-4A8E-97E6-077D0BAE4822}.Release|Any CPU.Build.0 = Release|Any CPU
		{F6722751-2B65-4C38-BF09-FBCDD68FA719}.Debug|Any CPU.ActiveCfg = Debug|Any CPU
		{F6722751-2B65-4C38-BF09-FBCDD68FA719}.Debug|Any CPU.Build.0 = Debug|Any CPU
		{F6722751-2B65-4C38-BF09-FBCDD68FA719}.Release|Any CPU.ActiveCfg = Release|Any CPU
		{F6722751-2B65-4C38-BF09-FBCDD68FA719}.Release|Any CPU.Build.0 = Release|Any CPU
		{3517CE5A-E34E-448E-A5A8-24090912C276}.Debug|Any CPU.ActiveCfg = Debug|Any CPU
		{3517CE5A-E34E-448E-A5A8-24090912C276}.Debug|Any CPU.Build.0 = Debug|Any CPU
		{3517CE5A-E34E-448E-A5A8-24090912C276}.Release|Any CPU.ActiveCfg = Release|Any CPU
		{3517CE5A-E34E-448E-A5A8-24090912C276}.Release|Any CPU.Build.0 = Release|Any CPU
		{E9C0A512-4D66-4B64-812A-A0F3CD4333BC}.Debug|Any CPU.ActiveCfg = Debug|Any CPU
		{E9C0A512-4D66-4B64-812A-A0F3CD4333BC}.Debug|Any CPU.Build.0 = Debug|Any CPU
		{E9C0A512-4D66-4B64-812A-A0F3CD4333BC}.Release|Any CPU.ActiveCfg = Release|Any CPU
		{E9C0A512-4D66-4B64-812A-A0F3CD4333BC}.Release|Any CPU.Build.0 = Release|Any CPU
		{76D012AF-DAB9-4A4C-9962-106F877E4EEA}.Debug|Any CPU.ActiveCfg = Debug|Any CPU
		{76D012AF-DAB9-4A4C-9962-106F877E4EEA}.Debug|Any CPU.Build.0 = Debug|Any CPU
		{76D012AF-DAB9-4A4C-9962-106F877E4EEA}.Release|Any CPU.ActiveCfg = Release|Any CPU
		{76D012AF-DAB9-4A4C-9962-106F877E4EEA}.Release|Any CPU.Build.0 = Release|Any CPU
		{6C0255EF-18A6-4026-948C-0DC129214CE6}.Debug|Any CPU.ActiveCfg = Debug|Any CPU
		{6C0255EF-18A6-4026-948C-0DC129214CE6}.Debug|Any CPU.Build.0 = Debug|Any CPU
		{6C0255EF-18A6-4026-948C-0DC129214CE6}.Release|Any CPU.ActiveCfg = Release|Any CPU
		{6C0255EF-18A6-4026-948C-0DC129214CE6}.Release|Any CPU.Build.0 = Release|Any CPU
		{33EB82A3-42E4-4844-918C-374B10A80E6A}.Debug|Any CPU.ActiveCfg = Debug|Any CPU
		{33EB82A3-42E4-4844-918C-374B10A80E6A}.Debug|Any CPU.Build.0 = Debug|Any CPU
		{33EB82A3-42E4-4844-918C-374B10A80E6A}.Release|Any CPU.ActiveCfg = Release|Any CPU
		{33EB82A3-42E4-4844-918C-374B10A80E6A}.Release|Any CPU.Build.0 = Release|Any CPU
		{C1F78D7E-D947-41DE-87FB-0ABE62614262}.Debug|Any CPU.ActiveCfg = Debug|Any CPU
		{C1F78D7E-D947-41DE-87FB-0ABE62614262}.Debug|Any CPU.Build.0 = Debug|Any CPU
		{C1F78D7E-D947-41DE-87FB-0ABE62614262}.Release|Any CPU.ActiveCfg = Release|Any CPU
		{C1F78D7E-D947-41DE-87FB-0ABE62614262}.Release|Any CPU.Build.0 = Release|Any CPU
	EndGlobalSection
	GlobalSection(SolutionProperties) = preSolution
		HideSolutionNode = FALSE
	EndGlobalSection
	GlobalSection(NestedProjects) = preSolution
		{6C6BD97C-79EA-45AA-AEAC-3D9B31C30C10} = {AEFB4207-A2A8-4C09-A6C6-11FB349FFF43}
		{0210C19E-142F-47F3-BD59-372A83775BAC} = {AEFB4207-A2A8-4C09-A6C6-11FB349FFF43}
		{E7177984-036A-435F-9EA4-9DAA2DC475DF} = {AEFB4207-A2A8-4C09-A6C6-11FB349FFF43}
		{530F7A2F-B23F-4EE7-B1EA-0202D976C6F8} = {331A5400-2282-425F-9234-C1AC361946E4}
		{52C84F03-B4B9-4755-AE0C-CABB12C773DE} = {331A5400-2282-425F-9234-C1AC361946E4}
		{B67C82A9-2134-4C39-B1DF-C969385EAEF6} = {331A5400-2282-425F-9234-C1AC361946E4}
		{455DE500-C360-4E5F-A2D4-15948D861B73} = {07211A90-A82B-4257-B2F4-8D12CA287886}
		{DC05B07D-E9AE-4E13-B0CD-BCF5ED9E01EF} = {07211A90-A82B-4257-B2F4-8D12CA287886}
		{1ACEAAC9-A16C-48C6-AAE9-A4B2221D6AB5} = {07211A90-A82B-4257-B2F4-8D12CA287886}
		{C50D75A9-E056-4405-98B9-191966E14964} = {413F4420-252C-43BD-9B61-ED2E869286F3}
		{736B1246-478D-440A-BA58-D185CDFF2026} = {413F4420-252C-43BD-9B61-ED2E869286F3}
		{1FD31DFA-A978-49F6-8EDA-584C9B01B515} = {413F4420-252C-43BD-9B61-ED2E869286F3}
		{9B7CAE49-FC00-4A88-8CEB-A3C27FFE19E4} = {772967D9-3CDB-4A1F-A45B-70BB515B3D37}
		{7F9991E3-5531-4A8E-97E6-077D0BAE4822} = {772967D9-3CDB-4A1F-A45B-70BB515B3D37}
		{F6722751-2B65-4C38-BF09-FBCDD68FA719} = {772967D9-3CDB-4A1F-A45B-70BB515B3D37}
		{3517CE5A-E34E-448E-A5A8-24090912C276} = {7BDB27A7-DC08-4ED0-968A-1B7619904107}
		{E9C0A512-4D66-4B64-812A-A0F3CD4333BC} = {7BDB27A7-DC08-4ED0-968A-1B7619904107}
		{76D012AF-DAB9-4A4C-9962-106F877E4EEA} = {7BDB27A7-DC08-4ED0-968A-1B7619904107}
		{6C0255EF-18A6-4026-948C-0DC129214CE6} = {0AF7BAD6-4982-426D-B428-1FC7A6D64A0A}
		{33EB82A3-42E4-4844-918C-374B10A80E6A} = {0AF7BAD6-4982-426D-B428-1FC7A6D64A0A}
		{C1F78D7E-D947-41DE-87FB-0ABE62614262} = {0AF7BAD6-4982-426D-B428-1FC7A6D64A0A}
	EndGlobalSection
	GlobalSection(ExtensibilityGlobals) = postSolution
		SolutionGuid = {6DFF5193-3965-4FC7-9F83-2E063A7B9273}
	EndGlobalSection
EndGlobal
